
Microsoft Visual Studio Solution File, Format Version 12.00
# Visual Studio 14
VisualStudioVersion = 14.0.25420.1
MinimumVisualStudioVersion = 10.0.40219.1
Project("{2150E333-8FDC-42A3-9474-1A3956D46DE8}") = "_Framework", "_Framework", "{90D6D198-7861-4B7F-8740-2D2DF2BE95E0}"
EndProject
Project("{FAE04EC0-301F-11D3-BF4B-00C04F79EFBC}") = "XL.Framework.Utility", "XL.Framework.Utility\XL.Framework.Utility.csproj", "{C0A91F97-13C0-4716-81D9-60267907C65E}"
EndProject
Project("{FAE04EC0-301F-11D3-BF4B-00C04F79EFBC}") = "XL.Framework.Contract", "XL.Framework.Contract\XL.Framework.Contract.csproj", "{055114EA-5B4A-492E-92C0-EA84148BDBB1}"
EndProject
Project("{FAE04EC0-301F-11D3-BF4B-00C04F79EFBC}") = "XL.Framework.DAL", "XL.Framework.DAL\XL.Framework.DAL.csproj", "{51B193D9-00A6-4636-9CAE-5BA4351EF5B9}"
EndProject
Project("{FAE04EC0-301F-11D3-BF4B-00C04F79EFBC}") = "XL.Framework.BLL", "XL.Framework.BLL\XL.Framework.BLL.csproj", "{1F520A48-5CFE-4F46-B47B-487762B2E5BA}"
EndProject
Project("{FAE04EC0-301F-11D3-BF4B-00C04F79EFBC}") = "XL.Framework.Web", "XL.Framework.Web\XL.Framework.Web.csproj", "{A5045C09-424C-49C7-BA3E-881C8B43240F}"
EndProject
Project("{FAE04EC0-301F-11D3-BF4B-00C04F79EFBC}") = "Exam.Models", "Exam.Models\Exam.Models.csproj", "{E62E47FA-C00A-415B-A8FC-BDD28B82F22F}"
EndProject
Project("{FAE04EC0-301F-11D3-BF4B-00C04F79EFBC}") = "Exam.DAL", "Exam.DAL\Exam.DAL.csproj", "{1A5CFDB3-75E8-4427-BAB9-805F71274C24}"
EndProject
Project("{FAE04EC0-301F-11D3-BF4B-00C04F79EFBC}") = "Exam.BLL", "Exam.BLL\Exam.BLL.csproj", "{43BCCB0C-382C-4D04-BC3E-542E9BD52D42}"
EndProject
Project("{FAE04EC0-301F-11D3-BF4B-00C04F79EFBC}") = "Exam.Web", "Exam.Web\Exam.Web.csproj", "{D470D5CC-900C-4516-AE3D-F3F9D26D4FD5}"
EndProject
Global
	GlobalSection(SolutionConfigurationPlatforms) = preSolution
		Debug|Any CPU = Debug|Any CPU
		Release|Any CPU = Release|Any CPU
	EndGlobalSection
	GlobalSection(ProjectConfigurationPlatforms) = postSolution
		{C0A91F97-13C0-4716-81D9-60267907C65E}.Debug|Any CPU.ActiveCfg = Debug|Any CPU
		{C0A91F97-13C0-4716-81D9-60267907C65E}.Debug|Any CPU.Build.0 = Debug|Any CPU
		{C0A91F97-13C0-4716-81D9-60267907C65E}.Release|Any CPU.ActiveCfg = Release|Any CPU
		{C0A91F97-13C0-4716-81D9-60267907C65E}.Release|Any CPU.Build.0 = Release|Any CPU
		{055114EA-5B4A-492E-92C0-EA84148BDBB1}.Debug|Any CPU.ActiveCfg = Debug|Any CPU
		{055114EA-5B4A-492E-92C0-EA84148BDBB1}.Debug|Any CPU.Build.0 = Debug|Any CPU
		{055114EA-5B4A-492E-92C0-EA84148BDBB1}.Release|Any CPU.ActiveCfg = Release|Any CPU
		{055114EA-5B4A-492E-92C0-EA84148BDBB1}.Release|Any CPU.Build.0 = Release|Any CPU
		{51B193D9-00A6-4636-9CAE-5BA4351EF5B9}.Debug|Any CPU.ActiveCfg = Debug|Any CPU
		{51B193D9-00A6-4636-9CAE-5BA4351EF5B9}.Debug|Any CPU.Build.0 = Debug|Any CPU
		{51B193D9-00A6-4636-9CAE-5BA4351EF5B9}.Release|Any CPU.ActiveCfg = Release|Any CPU
		{51B193D9-00A6-4636-9CAE-5BA4351EF5B9}.Release|Any CPU.Build.0 = Release|Any CPU
		{1F520A48-5CFE-4F46-B47B-487762B2E5BA}.Debug|Any CPU.ActiveCfg = Debug|Any CPU
		{1F520A48-5CFE-4F46-B47B-487762B2E5BA}.Debug|Any CPU.Build.0 = Debug|Any CPU
		{1F520A48-5CFE-4F46-B47B-487762B2E5BA}.Release|Any CPU.ActiveCfg = Release|Any CPU
		{1F520A48-5CFE-4F46-B47B-487762B2E5BA}.Release|Any CPU.Build.0 = Release|Any CPU
		{A5045C09-424C-49C7-BA3E-881C8B43240F}.Debug|Any CPU.ActiveCfg = Debug|Any CPU
		{A5045C09-424C-49C7-BA3E-881C8B43240F}.Debug|Any CPU.Build.0 = Debug|Any CPU
		{A5045C09-424C-49C7-BA3E-881C8B43240F}.Release|Any CPU.ActiveCfg = Release|Any CPU
		{A5045C09-424C-49C7-BA3E-881C8B43240F}.Release|Any CPU.Build.0 = Release|Any CPU
		{E62E47FA-C00A-415B-A8FC-BDD28B82F22F}.Debug|Any CPU.ActiveCfg = Debug|Any CPU
		{E62E47FA-C00A-415B-A8FC-BDD28B82F22F}.Debug|Any CPU.Build.0 = Debug|Any CPU
		{E62E47FA-C00A-415B-A8FC-BDD28B82F22F}.Release|Any CPU.ActiveCfg = Release|Any CPU
		{E62E47FA-C00A-415B-A8FC-BDD28B82F22F}.Release|Any CPU.Build.0 = Release|Any CPU
		{1A5CFDB3-75E8-4427-BAB9-805F71274C24}.Debug|Any CPU.ActiveCfg = Debug|Any CPU
		{1A5CFDB3-75E8-4427-BAB9-805F71274C24}.Debug|Any CPU.Build.0 = Debug|Any CPU
		{1A5CFDB3-75E8-4427-BAB9-805F71274C24}.Release|Any CPU.ActiveCfg = Release|Any CPU
		{1A5CFDB3-75E8-4427-BAB9-805F71274C24}.Release|Any CPU.Build.0 = Release|Any CPU
		{43BCCB0C-382C-4D04-BC3E-542E9BD52D42}.Debug|Any CPU.ActiveCfg = Debug|Any CPU
		{43BCCB0C-382C-4D04-BC3E-542E9BD52D42}.Debug|Any CPU.Build.0 = Debug|Any CPU
		{43BCCB0C-382C-4D04-BC3E-542E9BD52D42}.Release|Any CPU.ActiveCfg = Release|Any CPU
		{43BCCB0C-382C-4D04-BC3E-542E9BD52D42}.Release|Any CPU.Build.0 = Release|Any CPU
		{D470D5CC-900C-4516-AE3D-F3F9D26D4FD5}.Debug|Any CPU.ActiveCfg = Debug|Any CPU
		{D470D5CC-900C-4516-AE3D-F3F9D26D4FD5}.Debug|Any CPU.Build.0 = Debug|Any CPU
		{D470D5CC-900C-4516-AE3D-F3F9D26D4FD5}.Release|Any CPU.ActiveCfg = Release|Any CPU
		{D470D5CC-900C-4516-AE3D-F3F9D26D4FD5}.Release|Any CPU.Build.0 = Release|Any CPU
	EndGlobalSection
	GlobalSection(SolutionProperties) = preSolution
		HideSolutionNode = FALSE
	EndGlobalSection
	GlobalSection(NestedProjects) = preSolution
		{C0A91F97-13C0-4716-81D9-60267907C65E} = {90D6D198-7861-4B7F-8740-2D2DF2BE95E0}
		{055114EA-5B4A-492E-92C0-EA84148BDBB1} = {90D6D198-7861-4B7F-8740-2D2DF2BE95E0}
		{51B193D9-00A6-4636-9CAE-5BA4351EF5B9} = {90D6D198-7861-4B7F-8740-2D2DF2BE95E0}
		{1F520A48-5CFE-4F46-B47B-487762B2E5BA} = {90D6D198-7861-4B7F-8740-2D2DF2BE95E0}
		{A5045C09-424C-49C7-BA3E-881C8B43240F} = {90D6D198-7861-4B7F-8740-2D2DF2BE95E0}
	EndGlobalSection
EndGlobal
